
Microsoft Visual Studio Solution File, Format Version 12.00
# Visual Studio Version 17
VisualStudioVersion = 17.13.35931.197 d17.13
MinimumVisualStudioVersion = 10.0.40219.1
Project("{8BC9CEB8-8B4A-11D0-8D11-00A0C91BC942}") = "Treasurable", "Treasurable\Treasurable.vcxproj", "{4071513C-1FE1-4A5C-8F1C-E890699136BE}"
EndProject
Global
	GlobalSection(SolutionConfigurationPlatforms) = preSolution
		Debug|x64 = Debug|x64
		Debug|x86 = Debug|x86
		Release|x64 = Release|x64
		Release|x86 = Release|x86
	EndGlobalSection
	GlobalSection(ProjectConfigurationPlatforms) = postSolution
		{4071513C-1FE1-4A5C-8F1C-E890699136BE}.Debug|x64.ActiveCfg = Debug|x64
		{4071513C-1FE1-4A5C-8F1C-E890699136BE}.Debug|x64.Build.0 = Debug|x64
		{4071513C-1FE1-4A5C-8F1C-E890699136BE}.Debug|x86.ActiveCfg = Debug|Win32
		{4071513C-1FE1-4A5C-8F1C-E890699136BE}.Debug|x86.Build.0 = Debug|Win32
		{4071513C-1FE1-4A5C-8F1C-E890699136BE}.Release|x64.ActiveCfg = Release|x64
		{4071513C-1FE1-4A5C-8F1C-E890699136BE}.Release|x64.Build.0 = Release|x64
		{4071513C-1FE1-4A5C-8F1C-E890699136BE}.Release|x86.ActiveCfg = Release|Win32
		{4071513C-1FE1-4A5C-8F1C-E890699136BE}.Release|x86.Build.0 = Release|Win32
	EndGlobalSection
	GlobalSection(SolutionProperties) = preSolution
		HideSolutionNode = FALSE
	EndGlobalSection
	GlobalSection(ExtensibilityGlobals) = postSolution
		SolutionGuid = {80F86DC7-38F8-4388-A818-B37D6AF0479E}
	EndGlobalSection
EndGlobal
